601831613129614544619514788110804529981106557973125994246599195949144188161825587119687260217568421785191716082031712584634388125504186172216888555825901267853123976183196735366675111413636947992689270712861024284163966264294189994548618102062392313121711723065072011954675529452326093542217999388322453132285615995234794