60183161312961454461951478811080452998110655797312599424659919594914418816182558711968726021756842178519171608203171258463438812550418617221688855582590126785312397618319673536667511141363694799268927071286102428416396626429418999454861810206239231312171172306507201195467552945232609354221799938832245313228561599523479412231299160472